
Microsoft Visual Studio Solution File, Format Version 12.00
# Visual Studio Version 16
VisualStudioVersion = 16.0.29102.190
MinimumVisualStudioVersion = 10.0.40219.1
Project("{9A19103F-16F7-4668-BE54-9A1E7A4F7556}") = "Separate.Api", "Separate\Separate.Api.csproj", "{28F7C9A5-EDBC-4CDE-903E-E8CD1E838AB3}"
EndProject
Project("{9A19103F-16F7-4668-BE54-9A1E7A4F7556}") = "Separate.Data", "Separate.Data\Separate.Data.csproj", "{87D39495-81C9-4196-96CD-F4BF54D0DC65}"
EndProject
Project("{9A19103F-16F7-4668-BE54-9A1E7A4F7556}") = "Separate.Services", "Separate.Services\Separate.Services.csproj", "{1FBB350F-6EF7-4A36-9DC3-8D75D59E1D30}"
EndProject
Project("{9A19103F-16F7-4668-BE54-9A1E7A4F7556}") = "Separate.AutoRun", "Separate.AutoRun\Separate.AutoRun.csproj", "{AB3CA177-CF58-4C8A-B301-A72CB9E86649}"
EndProject
Project("{9A19103F-16F7-4668-BE54-9A1E7A4F7556}") = "Separate.Web", "Separate.Web\Separate.Web.csproj", "{634F6369-297A-4687-9EC4-86C97D8FE142}"
EndProject
Project("{FAE04EC0-301F-11D3-BF4B-00C04F79EFBC}") = "Separate.Models", "Separate.Models\Separate.Models.csproj", "{63BDE85B-52A0-474A-A994-83150444DA4B}"
EndProject
Global
	GlobalSection(SolutionConfigurationPlatforms) = preSolution
		Debug|Any CPU = Debug|Any CPU
		Release|Any CPU = Release|Any CPU
	EndGlobalSection
	GlobalSection(ProjectConfigurationPlatforms) = postSolution
		{28F7C9A5-EDBC-4CDE-903E-E8CD1E838AB3}.Debug|Any CPU.ActiveCfg = Debug|Any CPU
		{28F7C9A5-EDBC-4CDE-903E-E8CD1E838AB3}.Debug|Any CPU.Build.0 = Debug|Any CPU
		{28F7C9A5-EDBC-4CDE-903E-E8CD1E838AB3}.Release|Any CPU.ActiveCfg = Release|Any CPU
		{28F7C9A5-EDBC-4CDE-903E-E8CD1E838AB3}.Release|Any CPU.Build.0 = Release|Any CPU
		{87D39495-81C9-4196-96CD-F4BF54D0DC65}.Debug|Any CPU.ActiveCfg = Debug|Any CPU
		{87D39495-81C9-4196-96CD-F4BF54D0DC65}.Debug|Any CPU.Build.0 = Debug|Any CPU
		{87D39495-81C9-4196-96CD-F4BF54D0DC65}.Release|Any CPU.ActiveCfg = Release|Any CPU
		{87D39495-81C9-4196-96CD-F4BF54D0DC65}.Release|Any CPU.Build.0 = Release|Any CPU
		{1FBB350F-6EF7-4A36-9DC3-8D75D59E1D30}.Debug|Any CPU.ActiveCfg = Debug|Any CPU
		{1FBB350F-6EF7-4A36-9DC3-8D75D59E1D30}.Debug|Any CPU.Build.0 = Debug|Any CPU
		{1FBB350F-6EF7-4A36-9DC3-8D75D59E1D30}.Release|Any CPU.ActiveCfg = Release|Any CPU
		{1FBB350F-6EF7-4A36-9DC3-8D75D59E1D30}.Release|Any CPU.Build.0 = Release|Any CPU
		{AB3CA177-CF58-4C8A-B301-A72CB9E86649}.Debug|Any CPU.ActiveCfg = Debug|Any CPU
		{AB3CA177-CF58-4C8A-B301-A72CB9E86649}.Debug|Any CPU.Build.0 = Debug|Any CPU
		{AB3CA177-CF58-4C8A-B301-A72CB9E86649}.Release|Any CPU.ActiveCfg = Release|Any CPU
		{AB3CA177-CF58-4C8A-B301-A72CB9E86649}.Release|Any CPU.Build.0 = Release|Any CPU
		{634F6369-297A-4687-9EC4-86C97D8FE142}.Debug|Any CPU.ActiveCfg = Debug|Any CPU
		{634F6369-297A-4687-9EC4-86C97D8FE142}.Debug|Any CPU.Build.0 = Debug|Any CPU
		{634F6369-297A-4687-9EC4-86C97D8FE142}.Release|Any CPU.ActiveCfg = Release|Any CPU
		{634F6369-297A-4687-9EC4-86C97D8FE142}.Release|Any CPU.Build.0 = Release|Any CPU
		{63BDE85B-52A0-474A-A994-83150444DA4B}.Debug|Any CPU.ActiveCfg = Debug|Any CPU
		{63BDE85B-52A0-474A-A994-83150444DA4B}.Debug|Any CPU.Build.0 = Debug|Any CPU
		{63BDE85B-52A0-474A-A994-83150444DA4B}.Release|Any CPU.ActiveCfg = Release|Any CPU
		{63BDE85B-52A0-474A-A994-83150444DA4B}.Release|Any CPU.Build.0 = Release|Any CPU
	EndGlobalSection
	GlobalSection(SolutionProperties) = preSolution
		HideSolutionNode = FALSE
	EndGlobalSection
	GlobalSection(ExtensibilityGlobals) = postSolution
		SolutionGuid = {F658BE77-2D60-480A-A1DB-02AA3B4DD593}
	EndGlobalSection
EndGlobal
